PODS:
  - Alamofire (5.4.2)
  - Kingfisher (6.3.0)
  - KKBOXOpenAPISwift (1.1.7)
  - MJRefresh (3.6.1)
  - RxCocoa (6.1.0):
    - RxRelay (= 6.1.0)
    - RxSwift (= 6.1.0)
  - RxRelay (6.1.0):
    - RxSwift (= 6.1.0)
  - RxSwift (6.1.0)
  - SnapKit (5.0.1)

DEPENDENCIES:
  - Alamofire
  - Kingfisher (~> 6.0)
  - KKBOXOpenAPISwift
  - MJRefresh
  - RxCocoa (= 6.1.0)
  - RxSwift (= 6.1.0)
  - SnapKit (~> 5.0.0)

SPEC REPOS:
  trunk:
    - Alamofire
    - Kingfisher
    - KKBOXOpenAPISwift
    - MJRefresh
    - RxCocoa
    - RxRelay
    - RxSwift
    - SnapKit

SPEC CHECKSUMS:
  Alamofire: bfbc4c2fe5909b1d94fb4ef2277c6b3727ef5dae
  Kingfisher: 6c3df386db71d82c0817a429d2c9421a77396529
  KKBOXOpenAPISwift: 3fe3b81821d0c1d9e9ba645a9000282c8435221e
  MJRefresh: d2c1970d1cf6e77fcfcdfe76c943dfab8dbfa5c1
  RxCocoa: 5c51f02d562cbd94629f6c26cf0c80fe4ab8d343
  RxRelay: 483e1a19fad961b41f0b0c0bee506f46c1ae14fe
  RxSwift: a834e5c538e89eca0cae86f403f4fbf0336786ce
  SnapKit: 97b92857e3df3a0c71833cce143274bf6ef8e5eb

PODFILE CHECKSUM: 0d601d9aa7e230fa739463ffedec66a980c9a4c4

COCOAPODS: 1.10.1
